Microsoft Visual Studio Solution File, Format Version 12.00
# Visual Studio Version 17
VisualStudioVersion = 17.5.2.0
MinimumVisualStudioVersion = 10.0.40219.1
Project("{FAE04EC0-301F-11D3-BF4B-00C04F79EFBC}") = "Fun Tasks", "Fun Tasks.csproj", "{3F439DAF-49FC-08E8-4FED-72AEE9754850}"
EndProject
Global
	GlobalSection(SolutionConfigurationPlatforms) = preSolution
		Debug|Any CPU = Debug|Any CPU
		Release|Any CPU = Release|Any CPU
	EndGlobalSection
	GlobalSection(ProjectConfigurationPlatforms) = postSolution
		{3F439DAF-49FC-08E8-4FED-72AEE9754850}.Debug|Any CPU.ActiveCfg = Debug|Any CPU
		{3F439DAF-49FC-08E8-4FED-72AEE9754850}.Debug|Any CPU.Build.0 = Debug|Any CPU
		{3F439DAF-49FC-08E8-4FED-72AEE9754850}.Release|Any CPU.ActiveCfg = Release|Any CPU
		{3F439DAF-49FC-08E8-4FED-72AEE9754850}.Release|Any CPU.Build.0 = Release|Any CPU
	EndGlobalSection
	GlobalSection(SolutionProperties) = preSolution
		HideSolutionNode = FALSE
	EndGlobalSection
	GlobalSection(ExtensibilityGlobals) = postSolution
		SolutionGuid = {E3586CD7-68A2-44DF-90A9-19E2A418FBB5}
	EndGlobalSection
EndGlobal
